<Solution>
  <Folder Name="/Task0/">
    <Project Path="Tyuiu.KorovinIK.Sprint2.Task0.V6.Lib/Tyuiu.KorovinIK.Sprint2.Task0.V6.Lib.csproj" />
    <Project Path="Tyuiu.KorovinIK.Sprint2.Task0.V6.Test/Tyuiu.KorovinIK.Sprint2.Task0.V6.Test.csproj" />
    <Project Path="Tyuiu.KorovinIK.Sprint2.Task0.V6/Tyuiu.KorovinIK.Sprint2.Task0.V6.csproj" />
  </Folder>
</Solution>
