<Solution>
  <Folder Name="/Task0/">
    <Project Path="Tyuiu.KorovinIK.Sprint2.Task0.V6.Lib/Tyuiu.KorovinIK.Sprint2.Task0.V6.Lib.csproj" />
    <Project Path="Tyuiu.KorovinIK.Sprint2.Task0.V6.Test/Tyuiu.KorovinIK.Sprint2.Task0.V6.Test.csproj" />
    <Project Path="Tyuiu.KorovinIK.Sprint2.Task0.V6/Tyuiu.KorovinIK.Sprint2.Task0.V6.csproj" />
  </Folder>
  <Folder Name="/Task1/">
    <Project Path="Tyuiu.KorovinIK.Sprint2.Task1.V1.Lib/Tyuiu.KorovinIK.Sprint2.Task1.V1.Lib.csproj" Id="1eb073ba-26a2-449a-b7fc-0e0502009c33" />
    <Project Path="Tyuiu.KorovinIK.Sprint2.Task1.V1.Test/Tyuiu.KorovinIK.Sprint2.Task1.V1.Test.csproj" Id="410add63-a779-4310-bab9-b9f7c13fb802" />
    <Project Path="Tyuiu.KorovinIK.Sprint2.Task1.V1/Tyuiu.KorovinIK.Sprint2.Task1.V1.csproj" Id="ca19c394-3789-4b2e-a0e4-828b79e77536" />
  </Folder>
</Solution>
