<Solution>
  <Folder Name="/Task0/">
    <Project Path="Tyuiu.KorovinIK.Sprint2.Task0.V6.Lib/Tyuiu.KorovinIK.Sprint2.Task0.V6.Lib.csproj" />
    <Project Path="Tyuiu.KorovinIK.Sprint2.Task0.V6.Test/Tyuiu.KorovinIK.Sprint2.Task0.V6.Test.csproj" />
    <Project Path="Tyuiu.KorovinIK.Sprint2.Task0.V6/Tyuiu.KorovinIK.Sprint2.Task0.V6.csproj" />
  </Folder>
  <Folder Name="/Task1/">
    <Project Path="Tyuiu.KorovinIK.Sprint2.Task1.V1.Lib/Tyuiu.KorovinIK.Sprint2.Task1.V1.Lib.csproj" Id="1eb073ba-26a2-449a-b7fc-0e0502009c33" />
    <Project Path="Tyuiu.KorovinIK.Sprint2.Task1.V1.Test/Tyuiu.KorovinIK.Sprint2.Task1.V1.Test.csproj" Id="410add63-a779-4310-bab9-b9f7c13fb802" />
    <Project Path="Tyuiu.KorovinIK.Sprint2.Task1.V1/Tyuiu.KorovinIK.Sprint2.Task1.V1.csproj" Id="ca19c394-3789-4b2e-a0e4-828b79e77536" />
  </Folder>
  <Folder Name="/Task2/">
    <Project Path="Tyuiu.KorovinIK.Sprint2.Task2.V2.Lib/Tyuiu.KorovinIK.Sprint2.Task2.V2.Lib.csproj" Id="d8c8a058-eb2d-4494-b1a0-ae35aefddb70" />
    <Project Path="Tyuiu.KorovinIK.Sprint2.Task2.V2.Test/Tyuiu.KorovinIK.Sprint2.Task2.V2.Test.csproj" Id="9311030b-9c00-4712-bb27-937184fc65f5" />
    <Project Path="Tyuiu.KorovinIK.Sprint2.Task2.V2/Tyuiu.KorovinIK.Sprint2.Task2.V2.csproj" Id="ccf3616e-a803-4bcd-ae93-67585420ea10" />
  </Folder>
  <Folder Name="/Task3/">
    <Project Path="Tyuiu.KorovinIK.Sprint2.Task3.V11.Lib/Tyuiu.KorovinIK.Sprint2.Task3.V11.Lib.csproj" Id="82f3b812-9ba5-4d5b-a19f-d03c9d6d8f17" />
    <Project Path="Tyuiu.KorovinIK.Sprint2.Task3.V11.Test/Tyuiu.KorovinIK.Sprint2.Task3.V11.Test.csproj" Id="b6f4213f-6910-4a1d-b923-57c48c5289cf" />
    <Project Path="Tyuiu.KorovinIK.Sprint2.Task3.V11/Tyuiu.KorovinIK.Sprint2.Task3.V11.csproj" Id="0102468b-b7c0-4cc4-a67f-38e75c91fcea" />
  </Folder>
</Solution>
